
Microsoft Visual Studio Solution File, Format Version 12.00
# Visual Studio Version 17
VisualStudioVersion = 17.2.32519.379
MinimumVisualStudioVersion = 10.0.40219.1
Project("{8BC9CEB8-8B4A-11D0-8D11-00A0C91BC942}") = "taskB", "taskB\taskB.vcxproj", "{0A167457-C88C-419F-8EB8-A6F52718980A}"
EndProject
Global
	GlobalSection(SolutionConfigurationPlatforms) = preSolution
		Debug|x64 = Debug|x64
		Debug|x86 = Debug|x86
		Release|x64 = Release|x64
		Release|x86 = Release|x86
	EndGlobalSection
	GlobalSection(ProjectConfigurationPlatforms) = postSolution
		{0A167457-C88C-419F-8EB8-A6F52718980A}.Debug|x64.ActiveCfg = Debug|x64
		{0A167457-C88C-419F-8EB8-A6F52718980A}.Debug|x64.Build.0 = Debug|x64
		{0A167457-C88C-419F-8EB8-A6F52718980A}.Debug|x86.ActiveCfg = Debug|Win32
		{0A167457-C88C-419F-8EB8-A6F52718980A}.Debug|x86.Build.0 = Debug|Win32
		{0A167457-C88C-419F-8EB8-A6F52718980A}.Release|x64.ActiveCfg = Release|x64
		{0A167457-C88C-419F-8EB8-A6F52718980A}.Release|x64.Build.0 = Release|x64
		{0A167457-C88C-419F-8EB8-A6F52718980A}.Release|x86.ActiveCfg = Release|Win32
		{0A167457-C88C-419F-8EB8-A6F52718980A}.Release|x86.Build.0 = Release|Win32
	EndGlobalSection
	GlobalSection(SolutionProperties) = preSolution
		HideSolutionNode = FALSE
	EndGlobalSection
	GlobalSection(ExtensibilityGlobals) = postSolution
		SolutionGuid = {EFA4D64E-2BBD-4643-B53F-F00EA2400539}
	EndGlobalSection
EndGlobal
